
Microsoft Visual Studio Solution File, Format Version 12.00
# Visual Studio 15
VisualStudioVersion = 15.0.26430.13
MinimumVisualStudioVersion = 10.0.40219.1
Project("{FAE04EC0-301F-11D3-BF4B-00C04F79EFBC}") = "Competitor'sUpdates", "Competitor'sUpdates\Competitor'sUpdates.csproj", "{FCC07854-FD40-4CC3-B1C4-8F215EE3E093}"
EndProject
Global
	GlobalSection(SolutionConfigurationPlatforms) = preSolution
		Debug|Any CPU = Debug|Any CPU
		Release|Any CPU = Release|Any CPU
	EndGlobalSection
	GlobalSection(ProjectConfigurationPlatforms) = postSolution
		{FCC07854-FD40-4CC3-B1C4-8F215EE3E093}.Debug|Any CPU.ActiveCfg = Debug|Any CPU
		{FCC07854-FD40-4CC3-B1C4-8F215EE3E093}.Debug|Any CPU.Build.0 = Debug|Any CPU
		{FCC07854-FD40-4CC3-B1C4-8F215EE3E093}.Release|Any CPU.ActiveCfg = Release|Any CPU
		{FCC07854-FD40-4CC3-B1C4-8F215EE3E093}.Release|Any CPU.Build.0 = Release|Any CPU
	EndGlobalSection
	GlobalSection(SolutionProperties) = preSolution
		HideSolutionNode = FALSE
	EndGlobalSection
EndGlobal
